
Microsoft Visual Studio Solution File, Format Version 12.00
# Visual Studio 15
Project("{FAE04EC0-301F-11D3-BF4B-00C04F79EFBC}") = "Assembly-CSharp", "Assembly-CSharp.csproj", "{79DBB875-88EE-3B98-1CFB-E04E1E2091C1}"
EndProject
Project("{FAE04EC0-301F-11D3-BF4B-00C04F79EFBC}") = "Assembly-CSharp-Editor", "Assembly-CSharp-Editor.csproj", "{803CE590-74B0-16A9-B6EE-B4069F134610}"
EndProject
Global
	GlobalSection(SolutionConfigurationPlatforms) = preSolution
		Debug|Any CPU = Debug|Any CPU
		Release|Any CPU = Release|Any CPU
	EndGlobalSection
	GlobalSection(ProjectConfigurationPlatforms) = postSolution
		{79DBB875-88EE-3B98-1CFB-E04E1E2091C1}.Debug|Any CPU.ActiveCfg = Debug|Any CPU
		{79DBB875-88EE-3B98-1CFB-E04E1E2091C1}.Debug|Any CPU.Build.0 = Debug|Any CPU
		{79DBB875-88EE-3B98-1CFB-E04E1E2091C1}.Release|Any CPU.ActiveCfg = Release|Any CPU
		{79DBB875-88EE-3B98-1CFB-E04E1E2091C1}.Release|Any CPU.Build.0 = Release|Any CPU
		{803CE590-74B0-16A9-B6EE-B4069F134610}.Debug|Any CPU.ActiveCfg = Debug|Any CPU
		{803CE590-74B0-16A9-B6EE-B4069F134610}.Debug|Any CPU.Build.0 = Debug|Any CPU
		{803CE590-74B0-16A9-B6EE-B4069F134610}.Release|Any CPU.ActiveCfg = Release|Any CPU
		{803CE590-74B0-16A9-B6EE-B4069F134610}.Release|Any CPU.Build.0 = Release|Any CPU
	EndGlobalSection
	GlobalSection(SolutionProperties) = preSolution
		HideSolutionNode = FALSE
	EndGlobalSection
	GlobalSection(MonoDevelopProperties) = preSolution
		StartupItem = Assembly-CSharp.csproj
	EndGlobalSection
EndGlobal
